
Microsoft Visual Studio Solution File, Format Version 12.00
# Visual Studio Version 17
VisualStudioVersion = 17.7.34018.315
MinimumVisualStudioVersion = 10.0.40219.1
Project("{9A19103F-16F7-4668-BE54-9A1E7A4F7556}") = "Delegates", "Delegates\Delegates.csproj", "{996FC7A4-AA58-4008-80B2-0D9A3F1FAEFA}"
EndProject
Project("{9A19103F-16F7-4668-BE54-9A1E7A4F7556}") = "Delegate2", "Delegate2\Delegate2.csproj", "{DBBA6B7F-44F4-48CC-A626-7F5EFD42087B}"
EndProject
Project("{9A19103F-16F7-4668-BE54-9A1E7A4F7556}") = "DelegateClass", "DelegateClass\DelegateClass.csproj", "{A70BBF29-BB56-4BA1-A296-BC25F4C6650D}"
EndProject
Project("{9A19103F-16F7-4668-BE54-9A1E7A4F7556}") = "ActionFuncPredicate", "ActionFuncPredicate\ActionFuncPredicate.csproj", "{D4C66301-FFF6-4D8D-B4D4-D1B2666E577C}"
EndProject
Project("{9A19103F-16F7-4668-BE54-9A1E7A4F7556}") = "AnonymousMethodAndLamdas", "AnonymousMethodAndLamdas\AnonymousMethodAndLamdas.csproj", "{1EAF64F3-EA9F-4FFC-9CE8-252678CB2B31}"
EndProject
Project("{FAE04EC0-301F-11D3-BF4B-00C04F79EFBC}") = "ExceptionHandling", "ExceptionHandling\ExceptionHandling.csproj", "{921D089E-3246-4A60-AC8F-7040F6F04512}"
EndProject
Global
	GlobalSection(SolutionConfigurationPlatforms) = preSolution
		Debug|Any CPU = Debug|Any CPU
		Release|Any CPU = Release|Any CPU
	EndGlobalSection
	GlobalSection(ProjectConfigurationPlatforms) = postSolution
		{996FC7A4-AA58-4008-80B2-0D9A3F1FAEFA}.Debug|Any CPU.ActiveCfg = Debug|Any CPU
		{996FC7A4-AA58-4008-80B2-0D9A3F1FAEFA}.Debug|Any CPU.Build.0 = Debug|Any CPU
		{996FC7A4-AA58-4008-80B2-0D9A3F1FAEFA}.Release|Any CPU.ActiveCfg = Release|Any CPU
		{996FC7A4-AA58-4008-80B2-0D9A3F1FAEFA}.Release|Any CPU.Build.0 = Release|Any CPU
		{DBBA6B7F-44F4-48CC-A626-7F5EFD42087B}.Debug|Any CPU.ActiveCfg = Debug|Any CPU
		{DBBA6B7F-44F4-48CC-A626-7F5EFD42087B}.Debug|Any CPU.Build.0 = Debug|Any CPU
		{DBBA6B7F-44F4-48CC-A626-7F5EFD42087B}.Release|Any CPU.ActiveCfg = Release|Any CPU
		{DBBA6B7F-44F4-48CC-A626-7F5EFD42087B}.Release|Any CPU.Build.0 = Release|Any CPU
		{A70BBF29-BB56-4BA1-A296-BC25F4C6650D}.Debug|Any CPU.ActiveCfg = Debug|Any CPU
		{A70BBF29-BB56-4BA1-A296-BC25F4C6650D}.Debug|Any CPU.Build.0 = Debug|Any CPU
		{A70BBF29-BB56-4BA1-A296-BC25F4C6650D}.Release|Any CPU.ActiveCfg = Release|Any CPU
		{A70BBF29-BB56-4BA1-A296-BC25F4C6650D}.Release|Any CPU.Build.0 = Release|Any CPU
		{D4C66301-FFF6-4D8D-B4D4-D1B2666E577C}.Debug|Any CPU.ActiveCfg = Debug|Any CPU
		{D4C66301-FFF6-4D8D-B4D4-D1B2666E577C}.Debug|Any CPU.Build.0 = Debug|Any CPU
		{D4C66301-FFF6-4D8D-B4D4-D1B2666E577C}.Release|Any CPU.ActiveCfg = Release|Any CPU
		{D4C66301-FFF6-4D8D-B4D4-D1B2666E577C}.Release|Any CPU.Build.0 = Release|Any CPU
		{1EAF64F3-EA9F-4FFC-9CE8-252678CB2B31}.Debug|Any CPU.ActiveCfg = Debug|Any CPU
		{1EAF64F3-EA9F-4FFC-9CE8-252678CB2B31}.Debug|Any CPU.Build.0 = Debug|Any CPU
		{1EAF64F3-EA9F-4FFC-9CE8-252678CB2B31}.Release|Any CPU.ActiveCfg = Release|Any CPU
		{1EAF64F3-EA9F-4FFC-9CE8-252678CB2B31}.Release|Any CPU.Build.0 = Release|Any CPU
		{921D089E-3246-4A60-AC8F-7040F6F04512}.Debug|Any CPU.ActiveCfg = Debug|Any CPU
		{921D089E-3246-4A60-AC8F-7040F6F04512}.Debug|Any CPU.Build.0 = Debug|Any CPU
		{921D089E-3246-4A60-AC8F-7040F6F04512}.Release|Any CPU.ActiveCfg = Release|Any CPU
		{921D089E-3246-4A60-AC8F-7040F6F04512}.Release|Any CPU.Build.0 = Release|Any CPU
	EndGlobalSection
	GlobalSection(SolutionProperties) = preSolution
		HideSolutionNode = FALSE
	EndGlobalSection
	GlobalSection(ExtensibilityGlobals) = postSolution
		SolutionGuid = {73FCE789-EB2E-4A7D-98CF-C142906E241A}
	EndGlobalSection
EndGlobal
