
Microsoft Visual Studio Solution File, Format Version 12.00
# Visual Studio Version 17
VisualStudioVersion = 17.7.34018.315
MinimumVisualStudioVersion = 10.0.40219.1
Project("{9A19103F-16F7-4668-BE54-9A1E7A4F7556}") = "ValueTypes", "ValueTypes\ValueTypes.csproj", "{AA0ECD58-9876-4587-BED6-BDB6EB618AAE}"
EndProject
Project("{9A19103F-16F7-4668-BE54-9A1E7A4F7556}") = "NullableTypes", "NullableTypes\NullableTypes.csproj", "{37FEE719-C729-426C-8F1A-A9A139D3BBCA}"
EndProject
Project("{9A19103F-16F7-4668-BE54-9A1E7A4F7556}") = "Arrays", "Arrays\Arrays.csproj", "{7412807B-3ABF-452B-916B-72C610E3089E}"
EndProject
Project("{9A19103F-16F7-4668-BE54-9A1E7A4F7556}") = "JaggedArrays", "JaggedArrays\JaggedArrays.csproj", "{0D29735D-5491-4269-8655-041986C34867}"
EndProject
Project("{9A19103F-16F7-4668-BE54-9A1E7A4F7556}") = "Generics", "Generics\Generics.csproj", "{EF9FAA2C-EF62-4942-B4AA-0B8E77689773}"
EndProject
Project("{9A19103F-16F7-4668-BE54-9A1E7A4F7556}") = "Collections", "Collections\Collections.csproj", "{40AAF8EA-AEBC-463A-81A3-2568FB3F5B6B}"
EndProject
Project("{FAE04EC0-301F-11D3-BF4B-00C04F79EFBC}") = "Capacity_Count", "Capacity_Count\Capacity_Count.csproj", "{DEDC777E-EC7C-4175-8D58-3FCC776FC6A7}"
EndProject
Global
	GlobalSection(SolutionConfigurationPlatforms) = preSolution
		Debug|Any CPU = Debug|Any CPU
		Release|Any CPU = Release|Any CPU
	EndGlobalSection
	GlobalSection(ProjectConfigurationPlatforms) = postSolution
		{AA0ECD58-9876-4587-BED6-BDB6EB618AAE}.Debug|Any CPU.ActiveCfg = Debug|Any CPU
		{AA0ECD58-9876-4587-BED6-BDB6EB618AAE}.Debug|Any CPU.Build.0 = Debug|Any CPU
		{AA0ECD58-9876-4587-BED6-BDB6EB618AAE}.Release|Any CPU.ActiveCfg = Release|Any CPU
		{AA0ECD58-9876-4587-BED6-BDB6EB618AAE}.Release|Any CPU.Build.0 = Release|Any CPU
		{37FEE719-C729-426C-8F1A-A9A139D3BBCA}.Debug|Any CPU.ActiveCfg = Debug|Any CPU
		{37FEE719-C729-426C-8F1A-A9A139D3BBCA}.Debug|Any CPU.Build.0 = Debug|Any CPU
		{37FEE719-C729-426C-8F1A-A9A139D3BBCA}.Release|Any CPU.ActiveCfg = Release|Any CPU
		{37FEE719-C729-426C-8F1A-A9A139D3BBCA}.Release|Any CPU.Build.0 = Release|Any CPU
		{7412807B-3ABF-452B-916B-72C610E3089E}.Debug|Any CPU.ActiveCfg = Debug|Any CPU
		{7412807B-3ABF-452B-916B-72C610E3089E}.Debug|Any CPU.Build.0 = Debug|Any CPU
		{7412807B-3ABF-452B-916B-72C610E3089E}.Release|Any CPU.ActiveCfg = Release|Any CPU
		{7412807B-3ABF-452B-916B-72C610E3089E}.Release|Any CPU.Build.0 = Release|Any CPU
		{0D29735D-5491-4269-8655-041986C34867}.Debug|Any CPU.ActiveCfg = Debug|Any CPU
		{0D29735D-5491-4269-8655-041986C34867}.Debug|Any CPU.Build.0 = Debug|Any CPU
		{0D29735D-5491-4269-8655-041986C34867}.Release|Any CPU.ActiveCfg = Release|Any CPU
		{0D29735D-5491-4269-8655-041986C34867}.Release|Any CPU.Build.0 = Release|Any CPU
		{EF9FAA2C-EF62-4942-B4AA-0B8E77689773}.Debug|Any CPU.ActiveCfg = Debug|Any CPU
		{EF9FAA2C-EF62-4942-B4AA-0B8E77689773}.Debug|Any CPU.Build.0 = Debug|Any CPU
		{EF9FAA2C-EF62-4942-B4AA-0B8E77689773}.Release|Any CPU.ActiveCfg = Release|Any CPU
		{EF9FAA2C-EF62-4942-B4AA-0B8E77689773}.Release|Any CPU.Build.0 = Release|Any CPU
		{40AAF8EA-AEBC-463A-81A3-2568FB3F5B6B}.Debug|Any CPU.ActiveCfg = Debug|Any CPU
		{40AAF8EA-AEBC-463A-81A3-2568FB3F5B6B}.Debug|Any CPU.Build.0 = Debug|Any CPU
		{40AAF8EA-AEBC-463A-81A3-2568FB3F5B6B}.Release|Any CPU.ActiveCfg = Release|Any CPU
		{40AAF8EA-AEBC-463A-81A3-2568FB3F5B6B}.Release|Any CPU.Build.0 = Release|Any CPU
		{DEDC777E-EC7C-4175-8D58-3FCC776FC6A7}.Debug|Any CPU.ActiveCfg = Debug|Any CPU
		{DEDC777E-EC7C-4175-8D58-3FCC776FC6A7}.Debug|Any CPU.Build.0 = Debug|Any CPU
		{DEDC777E-EC7C-4175-8D58-3FCC776FC6A7}.Release|Any CPU.ActiveCfg = Release|Any CPU
		{DEDC777E-EC7C-4175-8D58-3FCC776FC6A7}.Release|Any CPU.Build.0 = Release|Any CPU
	EndGlobalSection
	GlobalSection(SolutionProperties) = preSolution
		HideSolutionNode = FALSE
	EndGlobalSection
	GlobalSection(ExtensibilityGlobals) = postSolution
		SolutionGuid = {2AC32663-A9FE-43C5-859A-6F1D234E63F1}
	EndGlobalSection
EndGlobal
